
Microsoft Visual Studio Solution File, Format Version 12.00
# Visual Studio Version 16
VisualStudioVersion = 16.0.30002.166
MinimumVisualStudioVersion = 10.0.40219.1
Project("{FAE04EC0-301F-11D3-BF4B-00C04F79EFBC}") = "Problem_01", "Problem_01\Problem_01.csproj", "{129B1720-9032-496A-8A00-F9204A4A4A3D}"
EndProject
Project("{FAE04EC0-301F-11D3-BF4B-00C04F79EFBC}") = "Problem_02", "Problem_02\Problem_02.csproj", "{D9EFBAE8-55E2-4C4E-85BB-290358B51BF6}"
EndProject
Project("{FAE04EC0-301F-11D3-BF4B-00C04F79EFBC}") = "Problem_03", "Problem_03\Problem_03.csproj", "{4E43D808-6293-4B3B-B46C-EA9070C8E54A}"
EndProject
Global
	GlobalSection(SolutionConfigurationPlatforms) = preSolution
		Debug|Any CPU = Debug|Any CPU
		Release|Any CPU = Release|Any CPU
	EndGlobalSection
	GlobalSection(ProjectConfigurationPlatforms) = postSolution
		{129B1720-9032-496A-8A00-F9204A4A4A3D}.Debug|Any CPU.ActiveCfg = Debug|Any CPU
		{129B1720-9032-496A-8A00-F9204A4A4A3D}.Debug|Any CPU.Build.0 = Debug|Any CPU
		{129B1720-9032-496A-8A00-F9204A4A4A3D}.Release|Any CPU.ActiveCfg = Release|Any CPU
		{129B1720-9032-496A-8A00-F9204A4A4A3D}.Release|Any CPU.Build.0 = Release|Any CPU
		{D9EFBAE8-55E2-4C4E-85BB-290358B51BF6}.Debug|Any CPU.ActiveCfg = Debug|Any CPU
		{D9EFBAE8-55E2-4C4E-85BB-290358B51BF6}.Debug|Any CPU.Build.0 = Debug|Any CPU
		{D9EFBAE8-55E2-4C4E-85BB-290358B51BF6}.Release|Any CPU.ActiveCfg = Release|Any CPU
		{D9EFBAE8-55E2-4C4E-85BB-290358B51BF6}.Release|Any CPU.Build.0 = Release|Any CPU
		{4E43D808-6293-4B3B-B46C-EA9070C8E54A}.Debug|Any CPU.ActiveCfg = Debug|Any CPU
		{4E43D808-6293-4B3B-B46C-EA9070C8E54A}.Debug|Any CPU.Build.0 = Debug|Any CPU
		{4E43D808-6293-4B3B-B46C-EA9070C8E54A}.Release|Any CPU.ActiveCfg = Release|Any CPU
		{4E43D808-6293-4B3B-B46C-EA9070C8E54A}.Release|Any CPU.Build.0 = Release|Any CPU
	EndGlobalSection
	GlobalSection(SolutionProperties) = preSolution
		HideSolutionNode = FALSE
	EndGlobalSection
	GlobalSection(ExtensibilityGlobals) = postSolution
		SolutionGuid = {27CB7EA9-9338-4BC9-B518-7F6D85FF7F29}
	EndGlobalSection
EndGlobal
