
Microsoft Visual Studio Solution File, Format Version 12.00
# Visual Studio Version 16
VisualStudioVersion = 16.0.30002.166
MinimumVisualStudioVersion = 10.0.40219.1
Project("{FAE04EC0-301F-11D3-BF4B-00C04F79EFBC}") = "01.Furniture", "01.Furniture\01.Furniture.csproj", "{8C11FFC5-F49B-4BFC-930B-A4AEB8EE3F81}"
EndProject
Project("{FAE04EC0-301F-11D3-BF4B-00C04F79EFBC}") = "02.Race", "02.Race\02.Race.csproj", "{375FC4FF-7DDD-4753-B63B-293D4EC56FA2}"
EndProject
Project("{FAE04EC0-301F-11D3-BF4B-00C04F79EFBC}") = "03.SoftUniBarIncome", "03.SoftUniBarIncome\03.SoftUniBarIncome.csproj", "{784B9BED-6B67-451F-979E-A092B13AB4D4}"
EndProject
Project("{FAE04EC0-301F-11D3-BF4B-00C04F79EFBC}") = "04.StarEnigma", "04.StarEnigma\04.StarEnigma.csproj", "{6FDE7E9A-B869-44BD-8E53-3E37ED67FE71}"
EndProject
Project("{FAE04EC0-301F-11D3-BF4B-00C04F79EFBC}") = "05.NetherRealms", "05.NetherRealms\05.NetherRealms.csproj", "{F425C7E7-3BCA-4A09-9B5E-9EE82E5146E1}"
EndProject
Project("{FAE04EC0-301F-11D3-BF4B-00C04F79EFBC}") = "06.ExtractEmails", "06.ExtractEmails\06.ExtractEmails.csproj", "{961093C1-E62D-437F-A2AE-D13262F9D018}"
EndProject
Global
	GlobalSection(SolutionConfigurationPlatforms) = preSolution
		Debug|Any CPU = Debug|Any CPU
		Release|Any CPU = Release|Any CPU
	EndGlobalSection
	GlobalSection(ProjectConfigurationPlatforms) = postSolution
		{8C11FFC5-F49B-4BFC-930B-A4AEB8EE3F81}.Debug|Any CPU.ActiveCfg = Debug|Any CPU
		{8C11FFC5-F49B-4BFC-930B-A4AEB8EE3F81}.Debug|Any CPU.Build.0 = Debug|Any CPU
		{8C11FFC5-F49B-4BFC-930B-A4AEB8EE3F81}.Release|Any CPU.ActiveCfg = Release|Any CPU
		{8C11FFC5-F49B-4BFC-930B-A4AEB8EE3F81}.Release|Any CPU.Build.0 = Release|Any CPU
		{375FC4FF-7DDD-4753-B63B-293D4EC56FA2}.Debug|Any CPU.ActiveCfg = Debug|Any CPU
		{375FC4FF-7DDD-4753-B63B-293D4EC56FA2}.Debug|Any CPU.Build.0 = Debug|Any CPU
		{375FC4FF-7DDD-4753-B63B-293D4EC56FA2}.Release|Any CPU.ActiveCfg = Release|Any CPU
		{375FC4FF-7DDD-4753-B63B-293D4EC56FA2}.Release|Any CPU.Build.0 = Release|Any CPU
		{784B9BED-6B67-451F-979E-A092B13AB4D4}.Debug|Any CPU.ActiveCfg = Debug|Any CPU
		{784B9BED-6B67-451F-979E-A092B13AB4D4}.Debug|Any CPU.Build.0 = Debug|Any CPU
		{784B9BED-6B67-451F-979E-A092B13AB4D4}.Release|Any CPU.ActiveCfg = Release|Any CPU
		{784B9BED-6B67-451F-979E-A092B13AB4D4}.Release|Any CPU.Build.0 = Release|Any CPU
		{6FDE7E9A-B869-44BD-8E53-3E37ED67FE71}.Debug|Any CPU.ActiveCfg = Debug|Any CPU
		{6FDE7E9A-B869-44BD-8E53-3E37ED67FE71}.Debug|Any CPU.Build.0 = Debug|Any CPU
		{6FDE7E9A-B869-44BD-8E53-3E37ED67FE71}.Release|Any CPU.ActiveCfg = Release|Any CPU
		{6FDE7E9A-B869-44BD-8E53-3E37ED67FE71}.Release|Any CPU.Build.0 = Release|Any CPU
		{F425C7E7-3BCA-4A09-9B5E-9EE82E5146E1}.Debug|Any CPU.ActiveCfg = Debug|Any CPU
		{F425C7E7-3BCA-4A09-9B5E-9EE82E5146E1}.Debug|Any CPU.Build.0 = Debug|Any CPU
		{F425C7E7-3BCA-4A09-9B5E-9EE82E5146E1}.Release|Any CPU.ActiveCfg = Release|Any CPU
		{F425C7E7-3BCA-4A09-9B5E-9EE82E5146E1}.Release|Any CPU.Build.0 = Release|Any CPU
		{961093C1-E62D-437F-A2AE-D13262F9D018}.Debug|Any CPU.ActiveCfg = Debug|Any CPU
		{961093C1-E62D-437F-A2AE-D13262F9D018}.Debug|Any CPU.Build.0 = Debug|Any CPU
		{961093C1-E62D-437F-A2AE-D13262F9D018}.Release|Any CPU.ActiveCfg = Release|Any CPU
		{961093C1-E62D-437F-A2AE-D13262F9D018}.Release|Any CPU.Build.0 = Release|Any CPU
	EndGlobalSection
	GlobalSection(SolutionProperties) = preSolution
		HideSolutionNode = FALSE
	EndGlobalSection
	GlobalSection(ExtensibilityGlobals) = postSolution
		SolutionGuid = {7DE8858C-99AC-41AE-AE80-62A51519B40D}
	EndGlobalSection
EndGlobal
